
Microsoft Visual Studio Solution File, Format Version 12.00
Project("{FAE04EC0-301F-11D3-BF4B-00C04F79EFBC}") = "PenGestures", "PenGestures\PenGestures.csproj", "{063A3D3A-81FC-4A89-9362-9F736D2CA771}"
EndProject
Project("{FAE04EC0-301F-11D3-BF4B-00C04F79EFBC}") = "CombinedGestures", "CombinedGestures\CombinedGestures.csproj", "{4BCA89B9-D667-4F88-B1E6-4D0E832CBB8C}"
EndProject
Project("{FAE04EC0-301F-11D3-BF4B-00C04F79EFBC}") = "CustomShapeComparison", "CustomShapeComparison\CustomShapeComparison.csproj", "{0D9482EB-D05E-4E2E-90C0-059F0CDEB04E}"
EndProject
Global
	GlobalSection(SolutionConfigurationPlatforms) = preSolution
		Debug|Any CPU = Debug|Any CPU
		Release|Any CPU = Release|Any CPU
	EndGlobalSection
	GlobalSection(ProjectConfigurationPlatforms) = postSolution
		{063A3D3A-81FC-4A89-9362-9F736D2CA771}.Debug|Any CPU.ActiveCfg = Debug|Any CPU
		{063A3D3A-81FC-4A89-9362-9F736D2CA771}.Debug|Any CPU.Build.0 = Debug|Any CPU
		{063A3D3A-81FC-4A89-9362-9F736D2CA771}.Release|Any CPU.ActiveCfg = Release|Any CPU
		{063A3D3A-81FC-4A89-9362-9F736D2CA771}.Release|Any CPU.Build.0 = Release|Any CPU
		{4BCA89B9-D667-4F88-B1E6-4D0E832CBB8C}.Debug|Any CPU.ActiveCfg = Debug|Any CPU
		{4BCA89B9-D667-4F88-B1E6-4D0E832CBB8C}.Debug|Any CPU.Build.0 = Debug|Any CPU
		{4BCA89B9-D667-4F88-B1E6-4D0E832CBB8C}.Release|Any CPU.ActiveCfg = Release|Any CPU
		{4BCA89B9-D667-4F88-B1E6-4D0E832CBB8C}.Release|Any CPU.Build.0 = Release|Any CPU
		{0D9482EB-D05E-4E2E-90C0-059F0CDEB04E}.Debug|Any CPU.ActiveCfg = Debug|Any CPU
		{0D9482EB-D05E-4E2E-90C0-059F0CDEB04E}.Debug|Any CPU.Build.0 = Debug|Any CPU
		{0D9482EB-D05E-4E2E-90C0-059F0CDEB04E}.Release|Any CPU.ActiveCfg = Release|Any CPU
		{0D9482EB-D05E-4E2E-90C0-059F0CDEB04E}.Release|Any CPU.Build.0 = Release|Any CPU
	EndGlobalSection
EndGlobal
